
Microsoft Visual Studio Solution File, Format Version 12.00
# Visual Studio Version 17
VisualStudioVersion = 17.13.35429.394
MinimumVisualStudioVersion = 10.0.40219.1
Project("{9A19103F-16F7-4668-BE54-9A1E7A4F7556}") = "Aspire.Hosting.AWS", "src\Aspire.Hosting.AWS\Aspire.Hosting.AWS.csproj", "{6B424EDA-35C5-3A56-C474-F2343F174254}"
EndProject
Project("{2150E333-8FDC-42A3-9474-1A3956D46DE8}") = "playground", "playground", "{02EA681E-C7D8-13C7-8484-4AC65E1B71E8}"
EndProject
Project("{2150E333-8FDC-42A3-9474-1A3956D46DE8}") = "src", "src", "{897B17AA-6C3F-4FB0-9C6F-B1850BDCDC1D}"
EndProject
Project("{2150E333-8FDC-42A3-9474-1A3956D46DE8}") = "tests", "tests", "{7F5F26A8-F41A-4B16-83F0-8A11EE396FAC}"
EndProject
Project("{9A19103F-16F7-4668-BE54-9A1E7A4F7556}") = "Aspire.Hosting.AWS.UnitTests", "tests\Aspire.Hosting.AWS.UnitTests\Aspire.Hosting.AWS.UnitTests.csproj", "{2CDEDFE3-5B21-455B-AC18-14F89A9D321D}"
EndProject
Project("{2150E333-8FDC-42A3-9474-1A3956D46DE8}") = "CloudFormationProvisioning", "CloudFormationProvisioning", "{1294AC0D-DED5-40B9-9939-421090E0DA03}"
EndProject
Project("{FAE04EC0-301F-11D3-BF4B-00C04F79EFBC}") = "Frontend", "playground\CloudFormationProvisioning\Frontend\Frontend.csproj", "{BF684475-187F-4773-99FD-2053942C4033}"
EndProject
Project("{FAE04EC0-301F-11D3-BF4B-00C04F79EFBC}") = "AWS.ServiceDefaults", "playground\CloudFormationProvisioning\AWS.ServiceDefaults\AWS.ServiceDefaults.csproj", "{221EFA44-5090-4AFA-BA38-2C0A357C8192}"
EndProject
Project("{FAE04EC0-301F-11D3-BF4B-00C04F79EFBC}") = "AWS.AppHost", "playground\CloudFormationProvisioning\AWS.AppHost\AWS.AppHost.csproj", "{DB776D4D-4D13-455C-BF07-B86B6B9888D5}"
EndProject
Project("{FAE04EC0-301F-11D3-BF4B-00C04F79EFBC}") = "AWSCDK.AppHost", "playground\CloudFormationProvisioning\AWSCDK.AppHost\AWSCDK.AppHost.csproj", "{CAE1A855-C723-4EF9-8AE2-7F3EF3F54633}"
EndProject
Global
	GlobalSection(SolutionConfigurationPlatforms) = preSolution
		Debug|Any CPU = Debug|Any CPU
		Release|Any CPU = Release|Any CPU
	EndGlobalSection
	GlobalSection(ProjectConfigurationPlatforms) = postSolution
		{6B424EDA-35C5-3A56-C474-F2343F174254}.Debug|Any CPU.ActiveCfg = Debug|Any CPU
		{6B424EDA-35C5-3A56-C474-F2343F174254}.Debug|Any CPU.Build.0 = Debug|Any CPU
		{6B424EDA-35C5-3A56-C474-F2343F174254}.Release|Any CPU.ActiveCfg = Release|Any CPU
		{6B424EDA-35C5-3A56-C474-F2343F174254}.Release|Any CPU.Build.0 = Release|Any CPU
		{2CDEDFE3-5B21-455B-AC18-14F89A9D321D}.Debug|Any CPU.ActiveCfg = Debug|Any CPU
		{2CDEDFE3-5B21-455B-AC18-14F89A9D321D}.Debug|Any CPU.Build.0 = Debug|Any CPU
		{2CDEDFE3-5B21-455B-AC18-14F89A9D321D}.Release|Any CPU.ActiveCfg = Release|Any CPU
		{2CDEDFE3-5B21-455B-AC18-14F89A9D321D}.Release|Any CPU.Build.0 = Release|Any CPU
		{BF684475-187F-4773-99FD-2053942C4033}.Debug|Any CPU.ActiveCfg = Debug|Any CPU
		{BF684475-187F-4773-99FD-2053942C4033}.Debug|Any CPU.Build.0 = Debug|Any CPU
		{BF684475-187F-4773-99FD-2053942C4033}.Release|Any CPU.ActiveCfg = Release|Any CPU
		{BF684475-187F-4773-99FD-2053942C4033}.Release|Any CPU.Build.0 = Release|Any CPU
		{221EFA44-5090-4AFA-BA38-2C0A357C8192}.Debug|Any CPU.ActiveCfg = Debug|Any CPU
		{221EFA44-5090-4AFA-BA38-2C0A357C8192}.Debug|Any CPU.Build.0 = Debug|Any CPU
		{221EFA44-5090-4AFA-BA38-2C0A357C8192}.Release|Any CPU.ActiveCfg = Release|Any CPU
		{221EFA44-5090-4AFA-BA38-2C0A357C8192}.Release|Any CPU.Build.0 = Release|Any CPU
		{DB776D4D-4D13-455C-BF07-B86B6B9888D5}.Debug|Any CPU.ActiveCfg = Debug|Any CPU
		{DB776D4D-4D13-455C-BF07-B86B6B9888D5}.Debug|Any CPU.Build.0 = Debug|Any CPU
		{DB776D4D-4D13-455C-BF07-B86B6B9888D5}.Release|Any CPU.ActiveCfg = Release|Any CPU
		{DB776D4D-4D13-455C-BF07-B86B6B9888D5}.Release|Any CPU.Build.0 = Release|Any CPU
		{CAE1A855-C723-4EF9-8AE2-7F3EF3F54633}.Debug|Any CPU.ActiveCfg = Debug|Any CPU
		{CAE1A855-C723-4EF9-8AE2-7F3EF3F54633}.Debug|Any CPU.Build.0 = Debug|Any CPU
		{CAE1A855-C723-4EF9-8AE2-7F3EF3F54633}.Release|Any CPU.ActiveCfg = Release|Any CPU
		{CAE1A855-C723-4EF9-8AE2-7F3EF3F54633}.Release|Any CPU.Build.0 = Release|Any CPU
	EndGlobalSection
	GlobalSection(SolutionProperties) = preSolution
		HideSolutionNode = FALSE
	EndGlobalSection
	GlobalSection(NestedProjects) = preSolution
		{6B424EDA-35C5-3A56-C474-F2343F174254} = {897B17AA-6C3F-4FB0-9C6F-B1850BDCDC1D}
		{2CDEDFE3-5B21-455B-AC18-14F89A9D321D} = {7F5F26A8-F41A-4B16-83F0-8A11EE396FAC}
		{1294AC0D-DED5-40B9-9939-421090E0DA03} = {02EA681E-C7D8-13C7-8484-4AC65E1B71E8}
		{BF684475-187F-4773-99FD-2053942C4033} = {1294AC0D-DED5-40B9-9939-421090E0DA03}
		{221EFA44-5090-4AFA-BA38-2C0A357C8192} = {1294AC0D-DED5-40B9-9939-421090E0DA03}
		{DB776D4D-4D13-455C-BF07-B86B6B9888D5} = {1294AC0D-DED5-40B9-9939-421090E0DA03}
		{CAE1A855-C723-4EF9-8AE2-7F3EF3F54633} = {1294AC0D-DED5-40B9-9939-421090E0DA03}
	EndGlobalSection
	GlobalSection(ExtensibilityGlobals) = postSolution
		SolutionGuid = {FBA55172-92F1-4495-A082-E0ABE4F4AF09}
	EndGlobalSection
EndGlobal
