
Microsoft Visual Studio Solution File, Format Version 12.00
# Visual Studio Version 17
VisualStudioVersion = 17.13.35429.394
MinimumVisualStudioVersion = 10.0.40219.1
Project("{9A19103F-16F7-4668-BE54-9A1E7A4F7556}") = "Aspire.Hosting.AWS", "src\Aspire.Hosting.AWS\Aspire.Hosting.AWS.csproj", "{6B424EDA-35C5-3A56-C474-F2343F174254}"
EndProject
Project("{2150E333-8FDC-42A3-9474-1A3956D46DE8}") = "playground", "playground", "{02EA681E-C7D8-13C7-8484-4AC65E1B71E8}"
EndProject
Project("{2150E333-8FDC-42A3-9474-1A3956D46DE8}") = "src", "src", "{897B17AA-6C3F-4FB0-9C6F-B1850BDCDC1D}"
EndProject
Project("{2150E333-8FDC-42A3-9474-1A3956D46DE8}") = "tests", "tests", "{7F5F26A8-F41A-4B16-83F0-8A11EE396FAC}"
EndProject
Project("{9A19103F-16F7-4668-BE54-9A1E7A4F7556}") = "Aspire.Hosting.AWS.UnitTests", "tests\Aspire.Hosting.AWS.UnitTests\Aspire.Hosting.AWS.UnitTests.csproj", "{2CDEDFE3-5B21-455B-AC18-14F89A9D321D}"
EndProject
Project("{2150E333-8FDC-42A3-9474-1A3956D46DE8}") = "CloudFormationProvisioning", "CloudFormationProvisioning", "{1294AC0D-DED5-40B9-9939-421090E0DA03}"
EndProject
Project("{FAE04EC0-301F-11D3-BF4B-00C04F79EFBC}") = "Frontend", "playground\CloudFormationProvisioning\Frontend\Frontend.csproj", "{BF684475-187F-4773-99FD-2053942C4033}"
EndProject
Project("{FAE04EC0-301F-11D3-BF4B-00C04F79EFBC}") = "AWS.ServiceDefaults", "playground\CloudFormationProvisioning\AWS.ServiceDefaults\AWS.ServiceDefaults.csproj", "{221EFA44-5090-4AFA-BA38-2C0A357C8192}"
EndProject
Project("{FAE04EC0-301F-11D3-BF4B-00C04F79EFBC}") = "AWS.AppHost", "playground\CloudFormationProvisioning\AWS.AppHost\AWS.AppHost.csproj", "{DB776D4D-4D13-455C-BF07-B86B6B9888D5}"
EndProject
Project("{FAE04EC0-301F-11D3-BF4B-00C04F79EFBC}") = "AWSCDK.AppHost", "playground\CloudFormationProvisioning\AWSCDK.AppHost\AWSCDK.AppHost.csproj", "{CAE1A855-C723-4EF9-8AE2-7F3EF3F54633}"
EndProject
Project("{2150E333-8FDC-42A3-9474-1A3956D46DE8}") = "Lambda", "Lambda", "{C3C0B096-DB7C-4D1B-B8A0-91631B32B4DE}"
EndProject
Project("{FAE04EC0-301F-11D3-BF4B-00C04F79EFBC}") = "ToUpperLambdaFunctionExecutable", "playground\Lambda\ToUpperLambdaFunctionExecutable\ToUpperLambdaFunctionExecutable.csproj", "{5CFF5B55-50C2-4689-AE89-95C1F676F608}"
EndProject
Project("{FAE04EC0-301F-11D3-BF4B-00C04F79EFBC}") = "Lambda.AppHost", "playground\Lambda\Lambda.AppHost\Lambda.AppHost.csproj", "{B95CE2E4-BE17-4E29-ACE7-BDE309B34B26}"
EndProject
Project("{FAE04EC0-301F-11D3-BF4B-00C04F79EFBC}") = "WebAddLambdaFunction", "playground\Lambda\WebAddLambdaFunction\WebAddLambdaFunction.csproj", "{4B38CE7D-C548-4106-AAC4-4216A1E7F62C}"
EndProject
Project("{FAE04EC0-301F-11D3-BF4B-00C04F79EFBC}") = "WebMinusLambdaFunction", "playground\Lambda\WebMinusLambdaFunction\WebMinusLambdaFunction.csproj", "{F94B620B-7A26-4EC8-952C-12583063802A}"
EndProject
Project("{FAE04EC0-301F-11D3-BF4B-00C04F79EFBC}") = "Aspire.Hosting.AWS.Integ.Tests", "tests\Aspire.Hosting.AWS.Integ.Tests\Aspire.Hosting.AWS.Integ.Tests.csproj", "{85E281A8-944D-4303-9D9A-28B4F5AEF69F}"
EndProject
Project("{FAE04EC0-301F-11D3-BF4B-00C04F79EFBC}") = "WebDefaultLambdaFunction", "playground\Lambda\WebDefaultLambdaFunction\WebDefaultLambdaFunction.csproj", "{FCAF3F64-BD16-4901-8D07-80049844B0A4}"
EndProject
Project("{FAE04EC0-301F-11D3-BF4B-00C04F79EFBC}") = "Lambda.ServiceDefaults", "playground\Lambda\Lambda.ServiceDefaults\Lambda.ServiceDefaults.csproj", "{A2750C2D-1F82-47CB-9EAB-B819E3EBDD74}"
EndProject
Project("{2150E333-8FDC-42A3-9474-1A3956D46DE8}") = "Solution Items", "Solution Items", "{100F1AB8-4765-4370-93BC-AC0AC0FBEADC}"
	ProjectSection(SolutionItems) = preProject
		Directory.Packages.props = Directory.Packages.props
	EndProjectSection
EndProject
Project("{FAE04EC0-301F-11D3-BF4B-00C04F79EFBC}") = "WebAWSCallsLambdaFunction", "playground\Lambda\WebAWSCallsLambdaFunction\WebAWSCallsLambdaFunction.csproj", "{96396A08-6FB9-49C2-A923-1AF1C97087EF}"
EndProject
Global
	GlobalSection(SolutionConfigurationPlatforms) = preSolution
		Debug|Any CPU = Debug|Any CPU
		Release|Any CPU = Release|Any CPU
	EndGlobalSection
	GlobalSection(ProjectConfigurationPlatforms) = postSolution
		{6B424EDA-35C5-3A56-C474-F2343F174254}.Debug|Any CPU.ActiveCfg = Debug|Any CPU
		{6B424EDA-35C5-3A56-C474-F2343F174254}.Debug|Any CPU.Build.0 = Debug|Any CPU
		{6B424EDA-35C5-3A56-C474-F2343F174254}.Release|Any CPU.ActiveCfg = Release|Any CPU
		{6B424EDA-35C5-3A56-C474-F2343F174254}.Release|Any CPU.Build.0 = Release|Any CPU
		{2CDEDFE3-5B21-455B-AC18-14F89A9D321D}.Debug|Any CPU.ActiveCfg = Debug|Any CPU
		{2CDEDFE3-5B21-455B-AC18-14F89A9D321D}.Debug|Any CPU.Build.0 = Debug|Any CPU
		{2CDEDFE3-5B21-455B-AC18-14F89A9D321D}.Release|Any CPU.ActiveCfg = Release|Any CPU
		{2CDEDFE3-5B21-455B-AC18-14F89A9D321D}.Release|Any CPU.Build.0 = Release|Any CPU
		{BF684475-187F-4773-99FD-2053942C4033}.Debug|Any CPU.ActiveCfg = Debug|Any CPU
		{BF684475-187F-4773-99FD-2053942C4033}.Debug|Any CPU.Build.0 = Debug|Any CPU
		{BF684475-187F-4773-99FD-2053942C4033}.Release|Any CPU.ActiveCfg = Release|Any CPU
		{BF684475-187F-4773-99FD-2053942C4033}.Release|Any CPU.Build.0 = Release|Any CPU
		{221EFA44-5090-4AFA-BA38-2C0A357C8192}.Debug|Any CPU.ActiveCfg = Debug|Any CPU
		{221EFA44-5090-4AFA-BA38-2C0A357C8192}.Debug|Any CPU.Build.0 = Debug|Any CPU
		{221EFA44-5090-4AFA-BA38-2C0A357C8192}.Release|Any CPU.ActiveCfg = Release|Any CPU
		{221EFA44-5090-4AFA-BA38-2C0A357C8192}.Release|Any CPU.Build.0 = Release|Any CPU
		{DB776D4D-4D13-455C-BF07-B86B6B9888D5}.Debug|Any CPU.ActiveCfg = Debug|Any CPU
		{DB776D4D-4D13-455C-BF07-B86B6B9888D5}.Debug|Any CPU.Build.0 = Debug|Any CPU
		{DB776D4D-4D13-455C-BF07-B86B6B9888D5}.Release|Any CPU.ActiveCfg = Release|Any CPU
		{DB776D4D-4D13-455C-BF07-B86B6B9888D5}.Release|Any CPU.Build.0 = Release|Any CPU
		{CAE1A855-C723-4EF9-8AE2-7F3EF3F54633}.Debug|Any CPU.ActiveCfg = Debug|Any CPU
		{CAE1A855-C723-4EF9-8AE2-7F3EF3F54633}.Debug|Any CPU.Build.0 = Debug|Any CPU
		{CAE1A855-C723-4EF9-8AE2-7F3EF3F54633}.Release|Any CPU.ActiveCfg = Release|Any CPU
		{CAE1A855-C723-4EF9-8AE2-7F3EF3F54633}.Release|Any CPU.Build.0 = Release|Any CPU
		{5CFF5B55-50C2-4689-AE89-95C1F676F608}.Debug|Any CPU.ActiveCfg = Debug|Any CPU
		{5CFF5B55-50C2-4689-AE89-95C1F676F608}.Debug|Any CPU.Build.0 = Debug|Any CPU
		{5CFF5B55-50C2-4689-AE89-95C1F676F608}.Release|Any CPU.ActiveCfg = Release|Any CPU
		{5CFF5B55-50C2-4689-AE89-95C1F676F608}.Release|Any CPU.Build.0 = Release|Any CPU
		{B95CE2E4-BE17-4E29-ACE7-BDE309B34B26}.Debug|Any CPU.ActiveCfg = Debug|Any CPU
		{B95CE2E4-BE17-4E29-ACE7-BDE309B34B26}.Debug|Any CPU.Build.0 = Debug|Any CPU
		{B95CE2E4-BE17-4E29-ACE7-BDE309B34B26}.Release|Any CPU.ActiveCfg = Release|Any CPU
		{B95CE2E4-BE17-4E29-ACE7-BDE309B34B26}.Release|Any CPU.Build.0 = Release|Any CPU
		{4B38CE7D-C548-4106-AAC4-4216A1E7F62C}.Debug|Any CPU.ActiveCfg = Debug|Any CPU
		{4B38CE7D-C548-4106-AAC4-4216A1E7F62C}.Debug|Any CPU.Build.0 = Debug|Any CPU
		{4B38CE7D-C548-4106-AAC4-4216A1E7F62C}.Release|Any CPU.ActiveCfg = Release|Any CPU
		{4B38CE7D-C548-4106-AAC4-4216A1E7F62C}.Release|Any CPU.Build.0 = Release|Any CPU
		{F94B620B-7A26-4EC8-952C-12583063802A}.Debug|Any CPU.ActiveCfg = Debug|Any CPU
		{F94B620B-7A26-4EC8-952C-12583063802A}.Debug|Any CPU.Build.0 = Debug|Any CPU
		{F94B620B-7A26-4EC8-952C-12583063802A}.Release|Any CPU.ActiveCfg = Release|Any CPU
		{F94B620B-7A26-4EC8-952C-12583063802A}.Release|Any CPU.Build.0 = Release|Any CPU
		{85E281A8-944D-4303-9D9A-28B4F5AEF69F}.Debug|Any CPU.ActiveCfg = Debug|Any CPU
		{85E281A8-944D-4303-9D9A-28B4F5AEF69F}.Debug|Any CPU.Build.0 = Debug|Any CPU
		{85E281A8-944D-4303-9D9A-28B4F5AEF69F}.Release|Any CPU.ActiveCfg = Release|Any CPU
		{85E281A8-944D-4303-9D9A-28B4F5AEF69F}.Release|Any CPU.Build.0 = Release|Any CPU
		{FCAF3F64-BD16-4901-8D07-80049844B0A4}.Debug|Any CPU.ActiveCfg = Debug|Any CPU
		{FCAF3F64-BD16-4901-8D07-80049844B0A4}.Debug|Any CPU.Build.0 = Debug|Any CPU
		{FCAF3F64-BD16-4901-8D07-80049844B0A4}.Release|Any CPU.ActiveCfg = Release|Any CPU
		{FCAF3F64-BD16-4901-8D07-80049844B0A4}.Release|Any CPU.Build.0 = Release|Any CPU
		{A2750C2D-1F82-47CB-9EAB-B819E3EBDD74}.Debug|Any CPU.ActiveCfg = Debug|Any CPU
		{A2750C2D-1F82-47CB-9EAB-B819E3EBDD74}.Debug|Any CPU.Build.0 = Debug|Any CPU
		{A2750C2D-1F82-47CB-9EAB-B819E3EBDD74}.Release|Any CPU.ActiveCfg = Release|Any CPU
		{A2750C2D-1F82-47CB-9EAB-B819E3EBDD74}.Release|Any CPU.Build.0 = Release|Any CPU
		{96396A08-6FB9-49C2-A923-1AF1C97087EF}.Debug|Any CPU.ActiveCfg = Debug|Any CPU
		{96396A08-6FB9-49C2-A923-1AF1C97087EF}.Debug|Any CPU.Build.0 = Debug|Any CPU
		{96396A08-6FB9-49C2-A923-1AF1C97087EF}.Release|Any CPU.ActiveCfg = Release|Any CPU
		{96396A08-6FB9-49C2-A923-1AF1C97087EF}.Release|Any CPU.Build.0 = Release|Any CPU
	EndGlobalSection
	GlobalSection(SolutionProperties) = preSolution
		HideSolutionNode = FALSE
	EndGlobalSection
	GlobalSection(NestedProjects) = preSolution
		{6B424EDA-35C5-3A56-C474-F2343F174254} = {897B17AA-6C3F-4FB0-9C6F-B1850BDCDC1D}
		{2CDEDFE3-5B21-455B-AC18-14F89A9D321D} = {7F5F26A8-F41A-4B16-83F0-8A11EE396FAC}
		{1294AC0D-DED5-40B9-9939-421090E0DA03} = {02EA681E-C7D8-13C7-8484-4AC65E1B71E8}
		{BF684475-187F-4773-99FD-2053942C4033} = {1294AC0D-DED5-40B9-9939-421090E0DA03}
		{221EFA44-5090-4AFA-BA38-2C0A357C8192} = {1294AC0D-DED5-40B9-9939-421090E0DA03}
		{DB776D4D-4D13-455C-BF07-B86B6B9888D5} = {1294AC0D-DED5-40B9-9939-421090E0DA03}
		{CAE1A855-C723-4EF9-8AE2-7F3EF3F54633} = {1294AC0D-DED5-40B9-9939-421090E0DA03}
		{C3C0B096-DB7C-4D1B-B8A0-91631B32B4DE} = {02EA681E-C7D8-13C7-8484-4AC65E1B71E8}
		{5CFF5B55-50C2-4689-AE89-95C1F676F608} = {C3C0B096-DB7C-4D1B-B8A0-91631B32B4DE}
		{B95CE2E4-BE17-4E29-ACE7-BDE309B34B26} = {C3C0B096-DB7C-4D1B-B8A0-91631B32B4DE}
		{4B38CE7D-C548-4106-AAC4-4216A1E7F62C} = {C3C0B096-DB7C-4D1B-B8A0-91631B32B4DE}
		{F94B620B-7A26-4EC8-952C-12583063802A} = {C3C0B096-DB7C-4D1B-B8A0-91631B32B4DE}
		{85E281A8-944D-4303-9D9A-28B4F5AEF69F} = {7F5F26A8-F41A-4B16-83F0-8A11EE396FAC}
		{FCAF3F64-BD16-4901-8D07-80049844B0A4} = {C3C0B096-DB7C-4D1B-B8A0-91631B32B4DE}
		{A2750C2D-1F82-47CB-9EAB-B819E3EBDD74} = {C3C0B096-DB7C-4D1B-B8A0-91631B32B4DE}
		{96396A08-6FB9-49C2-A923-1AF1C97087EF} = {C3C0B096-DB7C-4D1B-B8A0-91631B32B4DE}
	EndGlobalSection
	GlobalSection(ExtensibilityGlobals) = postSolution
		SolutionGuid = {FBA55172-92F1-4495-A082-E0ABE4F4AF09}
	EndGlobalSection
EndGlobal
