Microsoft Visual Studio Solution File, Format Version 12.00
# Visual Studio Version 17
VisualStudioVersion = 17.5.2.0
MinimumVisualStudioVersion = 10.0.40219.1
Project("{FAE04EC0-301F-11D3-BF4B-00C04F79EFBC}") = "WebAWSCallsLambdaFunction", "WebAWSCallsLambdaFunction\WebAWSCallsLambdaFunction.csproj", "{7D6DF6C9-3010-1B56-4593-3511D3E337A4}"
EndProject
Project("{FAE04EC0-301F-11D3-BF4B-00C04F79EFBC}") = "ToUpperLambdaFunctionExecutable", "ToUpperLambdaFunctionExecutable\ToUpperLambdaFunctionExecutable.csproj", "{8CC5EAD7-1D76-A496-6939-6D609978B884}"
EndProject
Project("{FAE04EC0-301F-11D3-BF4B-00C04F79EFBC}") = "WebCalculatorFunctions", "WebCalculatorFunctions\WebCalculatorFunctions.csproj", "{2F2B6BEE-5138-9BE9-0BAD-FDB9D4DD2BC7}"
EndProject
Project("{FAE04EC0-301F-11D3-BF4B-00C04F79EFBC}") = "Lambda.ServiceDefaults", "Lambda.ServiceDefaults\Lambda.ServiceDefaults.csproj", "{D641A02E-7E2E-E14D-F66A-DF9A98D6D892}"
EndProject
Project("{FAE04EC0-301F-11D3-BF4B-00C04F79EFBC}") = "WebDefaultLambdaFunction", "WebDefaultLambdaFunction\WebDefaultLambdaFunction.csproj", "{5E6E80E0-7711-9D2C-A8F3-7DE7636B28DB}"
EndProject
Project("{FAE04EC0-301F-11D3-BF4B-00C04F79EFBC}") = "Lambda.AppHost", "Lambda.AppHost\Lambda.AppHost.csproj", "{7E7B4F87-5691-9C98-3D3D-CD536CF30F5A}"
EndProject
Global
	GlobalSection(SolutionConfigurationPlatforms) = preSolution
		Debug|Any CPU = Debug|Any CPU
		Release|Any CPU = Release|Any CPU
	EndGlobalSection
	GlobalSection(ProjectConfigurationPlatforms) = postSolution
		{7D6DF6C9-3010-1B56-4593-3511D3E337A4}.Debug|Any CPU.ActiveCfg = Debug|Any CPU
		{7D6DF6C9-3010-1B56-4593-3511D3E337A4}.Debug|Any CPU.Build.0 = Debug|Any CPU
		{7D6DF6C9-3010-1B56-4593-3511D3E337A4}.Release|Any CPU.ActiveCfg = Release|Any CPU
		{7D6DF6C9-3010-1B56-4593-3511D3E337A4}.Release|Any CPU.Build.0 = Release|Any CPU
		{8CC5EAD7-1D76-A496-6939-6D609978B884}.Debug|Any CPU.ActiveCfg = Debug|Any CPU
		{8CC5EAD7-1D76-A496-6939-6D609978B884}.Debug|Any CPU.Build.0 = Debug|Any CPU
		{8CC5EAD7-1D76-A496-6939-6D609978B884}.Release|Any CPU.ActiveCfg = Release|Any CPU
		{8CC5EAD7-1D76-A496-6939-6D609978B884}.Release|Any CPU.Build.0 = Release|Any CPU
		{2F2B6BEE-5138-9BE9-0BAD-FDB9D4DD2BC7}.Debug|Any CPU.ActiveCfg = Debug|Any CPU
		{2F2B6BEE-5138-9BE9-0BAD-FDB9D4DD2BC7}.Debug|Any CPU.Build.0 = Debug|Any CPU
		{2F2B6BEE-5138-9BE9-0BAD-FDB9D4DD2BC7}.Release|Any CPU.ActiveCfg = Release|Any CPU
		{2F2B6BEE-5138-9BE9-0BAD-FDB9D4DD2BC7}.Release|Any CPU.Build.0 = Release|Any CPU
		{D641A02E-7E2E-E14D-F66A-DF9A98D6D892}.Debug|Any CPU.ActiveCfg = Debug|Any CPU
		{D641A02E-7E2E-E14D-F66A-DF9A98D6D892}.Debug|Any CPU.Build.0 = Debug|Any CPU
		{D641A02E-7E2E-E14D-F66A-DF9A98D6D892}.Release|Any CPU.ActiveCfg = Release|Any CPU
		{D641A02E-7E2E-E14D-F66A-DF9A98D6D892}.Release|Any CPU.Build.0 = Release|Any CPU
		{5E6E80E0-7711-9D2C-A8F3-7DE7636B28DB}.Debug|Any CPU.ActiveCfg = Debug|Any CPU
		{5E6E80E0-7711-9D2C-A8F3-7DE7636B28DB}.Debug|Any CPU.Build.0 = Debug|Any CPU
		{5E6E80E0-7711-9D2C-A8F3-7DE7636B28DB}.Release|Any CPU.ActiveCfg = Release|Any CPU
		{5E6E80E0-7711-9D2C-A8F3-7DE7636B28DB}.Release|Any CPU.Build.0 = Release|Any CPU
		{7E7B4F87-5691-9C98-3D3D-CD536CF30F5A}.Debug|Any CPU.ActiveCfg = Debug|Any CPU
		{7E7B4F87-5691-9C98-3D3D-CD536CF30F5A}.Debug|Any CPU.Build.0 = Debug|Any CPU
		{7E7B4F87-5691-9C98-3D3D-CD536CF30F5A}.Release|Any CPU.ActiveCfg = Release|Any CPU
		{7E7B4F87-5691-9C98-3D3D-CD536CF30F5A}.Release|Any CPU.Build.0 = Release|Any CPU
	EndGlobalSection
	GlobalSection(SolutionProperties) = preSolution
		HideSolutionNode = FALSE
	EndGlobalSection
	GlobalSection(ExtensibilityGlobals) = postSolution
		SolutionGuid = {3C4B1AC4-465B-44E6-B1DB-91BF726D48B2}
	EndGlobalSection
EndGlobal
